
Microsoft Visual Studio Solution File, Format Version 12.00
# Visual Studio Version 16
VisualStudioVersion = 16.0.29709.97
MinimumVisualStudioVersion = 10.0.40219.1
Project("{FAE04EC0-301F-11D3-BF4B-00C04F79EFBC}") = "Simple Bitcoin Wallet", "Simple Bitcoin Wallet\Simple Bitcoin Wallet.csproj", "{39BEB157-4EB8-4774-AC47-F6AB2B39C97C}"
EndProject
Global
	GlobalSection(SolutionConfigurationPlatforms) = preSolution
		Debug|Any CPU = Debug|Any CPU
		Release|Any CPU = Release|Any CPU
	EndGlobalSection
	GlobalSection(ProjectConfigurationPlatforms) = postSolution
		{39BEB157-4EB8-4774-AC47-F6AB2B39C97C}.Debug|Any CPU.ActiveCfg = Debug|Any CPU
		{39BEB157-4EB8-4774-AC47-F6AB2B39C97C}.Debug|Any CPU.Build.0 = Debug|Any CPU
		{39BEB157-4EB8-4774-AC47-F6AB2B39C97C}.Debug|Any CPU.Deploy.0 = Debug|Any CPU
		{39BEB157-4EB8-4774-AC47-F6AB2B39C97C}.Release|Any CPU.ActiveCfg = Release|Any CPU
		{39BEB157-4EB8-4774-AC47-F6AB2B39C97C}.Release|Any CPU.Build.0 = Release|Any CPU
		{39BEB157-4EB8-4774-AC47-F6AB2B39C97C}.Release|Any CPU.Deploy.0 = Release|Any CPU
	EndGlobalSection
	GlobalSection(SolutionProperties) = preSolution
		HideSolutionNode = FALSE
	EndGlobalSection
	GlobalSection(ExtensibilityGlobals) = postSolution
		SolutionGuid = {511AEBC9-742D-495E-B5C8-E3A00B78B338}
	EndGlobalSection
EndGlobal
